{
  "version": "2",
  "remote": {
    "https://deno.land/std@0.129.0/async/abortable.ts": "a896ac6b0d4237bd2d2d248217cfa1f0d85ccda93cb25ebda55e33850e526be6",
    "https://deno.land/std@0.129.0/async/deadline.ts": "48ac998d7564969f3e6ec6b6f9bf0217ebd00239b1b2292feba61272d5dd58d0",
    "https://deno.land/std@0.129.0/async/debounce.ts": "564273ef242bcfcda19a439132f940db8694173abffc159ea34f07d18fc42620",
    "https://deno.land/std@0.129.0/async/deferred.ts": "bc18e28108252c9f67dfca2bbc4587c3cbf3aeb6e155f8c864ca8ecff992b98a",
    "https://deno.land/std@0.129.0/async/delay.ts": "cbbdf1c87d1aed8edc7bae13592fb3e27e3106e0748f089c263390d4f49e5f6c",
    "https://deno.land/std@0.129.0/async/mod.ts": "2240c6841157738414331f47dee09bb8c0482c5b1980b6e3234dd03515c8132f",
    "https://deno.land/std@0.129.0/async/mux_async_iterator.ts": "f4d1d259b0c694d381770ddaaa4b799a94843eba80c17f4a2ec2949168e52d1e",
    "https://deno.land/std@0.129.0/async/pool.ts": "97b0dd27c69544e374df857a40902e74e39532f226005543eabacb551e277082",
    "https://deno.land/std@0.129.0/async/tee.ts": "1341feb1f5b1a96f8628d0f8fc07d8c43d3813423f18a63bf1b4785568d21b1f",
    "https://deno.land/std@0.129.0/fmt/colors.ts": "30455035d6d728394781c10755351742dd731e3db6771b1843f9b9e490104d37",
    "https://deno.land/std@0.129.0/http/http_status.ts": "71838ad33cb03ff2575f5e8fdea5f930979cdff8a81c11ade497f11d4c026019",
    "https://deno.land/std@0.129.0/http/server.ts": "10c3a7814666cdbabd6f9c18acdcc4593e222275a628280a4868881445fbb5bc",
    "https://deno.land/std@0.129.0/testing/_diff.ts": "9d849cd6877694152e01775b2d93f9d6b7aef7e24bfe3bfafc4d7a1ac8e9f392",
    "https://deno.land/std@0.129.0/testing/asserts.ts": "0a95d9e8076dd3e7f0eeb605a67c148078b4b11f4abcd5eef115b0361b0736a2",
    "https://deno.land/std@0.197.0/_util/diff.ts": "1a3c044aedf77647d6cac86b798c6417603361b66b54c53331b312caeb447aea",
    "https://deno.land/std@0.197.0/assert/_constants.ts": "8a9da298c26750b28b326b297316cdde860bc237533b07e1337c021379e6b2a9",
    "https://deno.land/std@0.197.0/assert/_format.ts": "a69126e8a469009adf4cf2a50af889aca364c349797e63174884a52ff75cf4c7",
    "https://deno.land/std@0.197.0/assert/assert.ts": "9a97dad6d98c238938e7540736b826440ad8c1c1e54430ca4c4e623e585607ee",
    "https://deno.land/std@0.197.0/assert/assert_almost_equals.ts": "e15ca1f34d0d5e0afae63b3f5d975cbd18335a132e42b0c747d282f62ad2cd6c",
    "https://deno.land/std@0.197.0/assert/assert_array_includes.ts": "6856d7f2c3544bc6e62fb4646dfefa3d1df5ff14744d1bca19f0cbaf3b0d66c9",
    "https://deno.land/std@0.197.0/assert/assert_equals.ts": "a0ee60574e437bcab2dcb79af9d48dc88845f8fd559468d9c21b15fd638ef943",
    "https://deno.land/std@0.197.0/assert/assert_exists.ts": "407cb6b9fb23a835cd8d5ad804e2e2edbbbf3870e322d53f79e1c7a512e2efd7",
    "https://deno.land/std@0.197.0/assert/assert_false.ts": "a9962749f4bf5844e3fa494257f1de73d69e4fe0e82c34d0099287552163a2dc",
    "https://deno.land/std@0.197.0/assert/assert_instance_of.ts": "09fd297352a5b5bbb16da2b5e1a0d8c6c44da5447772648622dcc7df7af1ddb8",
    "https://deno.land/std@0.197.0/assert/assert_is_error.ts": "b4eae4e5d182272efc172bf28e2e30b86bb1650cd88aea059e5d2586d4160fb9",
    "https://deno.land/std@0.197.0/assert/assert_match.ts": "c4083f80600bc190309903c95e397a7c9257ff8b5ae5c7ef91e834704e672e9b",
    "https://deno.land/std@0.197.0/assert/assert_not_equals.ts": "9f1acab95bd1f5fc9a1b17b8027d894509a745d91bac1718fdab51dc76831754",
    "https://deno.land/std@0.197.0/assert/assert_not_instance_of.ts": "0c14d3dfd9ab7a5276ed8ed0b18c703d79a3d106102077ec437bfe7ed912bd22",
    "https://deno.land/std@0.197.0/assert/assert_not_match.ts": "3796a5b0c57a1ce6c1c57883dd4286be13a26f715ea662318ab43a8491a13ab0",
    "https://deno.land/std@0.197.0/assert/assert_not_strict_equals.ts": "ca6c6d645e95fbc873d25320efeb8c4c6089a9a5e09f92d7c1c4b6e935c2a6ad",
    "https://deno.land/std@0.197.0/assert/assert_object_match.ts": "27439c4f41dce099317566144299468ca822f556f1cc697f4dc8ed61fe9fee4c",
    "https://deno.land/std@0.197.0/assert/assert_rejects.ts": "45c59724de2701e3b1f67c391d6c71c392363635aad3f68a1b3408f9efca0057",
    "https://deno.land/std@0.197.0/assert/assert_strict_equals.ts": "5cf29b38b3f8dece95287325723272aa04e04dbf158d886d662fa594fddc9ed3",
    "https://deno.land/std@0.197.0/assert/assert_string_includes.ts": "b821d39ebf5cb0200a348863c86d8c4c4b398e02012ce74ad15666fc4b631b0c",
    "https://deno.land/std@0.197.0/assert/assert_throws.ts": "63784e951475cb7bdfd59878cd25a0931e18f6dc32a6077c454b2cd94f4f4bcd",
    "https://deno.land/std@0.197.0/assert/assertion_error.ts": "4d0bde9b374dfbcbe8ac23f54f567b77024fb67dbb1906a852d67fe050d42f56",
    "https://deno.land/std@0.197.0/assert/equal.ts": "9f1a46d5993966d2596c44e5858eec821859b45f783a5ee2f7a695dfc12d8ece",
    "https://deno.land/std@0.197.0/assert/fail.ts": "c36353d7ae6e1f7933d45f8ea51e358c8c4b67d7e7502028598fe1fea062e278",
    "https://deno.land/std@0.197.0/assert/mod.ts": "08d55a652c22c5da0215054b21085cec25a5da47ce4a6f9de7d9ad36df35bdee",
    "https://deno.land/std@0.197.0/assert/unimplemented.ts": "d56fbeecb1f108331a380f72e3e010a1f161baa6956fd0f7cf3e095ae1a4c75a",
    "https://deno.land/std@0.197.0/assert/unreachable.ts": "4600dc0baf7d9c15a7f7d234f00c23bca8f3eba8b140286aaca7aa998cf9a536",
    "https://deno.land/std@0.197.0/async/abortable.ts": "fd682fa46f3b7b16b4606a5ab52a7ce309434b76f820d3221bdfb862719a15d7",
    "https://deno.land/std@0.197.0/async/deadline.ts": "58f72a3cc0fcb731b2cc055ba046f4b5be3349ff6bf98f2e793c3b969354aab2",
    "https://deno.land/std@0.197.0/async/debounce.ts": "adab11d04ca38d699444ac8a9d9856b4155e8dda2afd07ce78276c01ea5a4332",
    "https://deno.land/std@0.197.0/async/deferred.ts": "42790112f36a75a57db4a96d33974a936deb7b04d25c6084a9fa8a49f135def8",
    "https://deno.land/std@0.197.0/async/delay.ts": "a6142eb44cdd856b645086af2b811b1fcce08ec06bb7d50969e6a872ee9b8659",
    "https://deno.land/std@0.197.0/async/mod.ts": "f04344fa21738e5ad6bea37a6bfffd57c617c2d372bb9f9dcfd118a1b622e576",
    "https://deno.land/std@0.197.0/async/mux_async_iterator.ts": "70c7f2ee4e9466161350473ad61cac0b9f115cff4c552eaa7ef9d50c4cbb4cc9",
    "https://deno.land/std@0.197.0/async/pool.ts": "f1b8d3df4d7fd3c73f8cbc91cc2e8b8e950910f1eab94230b443944d7584c657",
    "https://deno.land/std@0.197.0/async/retry.ts": "296fb9c323e1325a69bee14ba947e7da7409a8dd9dd646d70cb51ea0d301f24e",
    "https://deno.land/std@0.197.0/async/tee.ts": "47e42d35f622650b02234d43803d0383a89eb4387e1b83b5a40106d18ae36757",
    "https://deno.land/std@0.197.0/bytes/bytes_list.ts": "31d664f4d42fa922066405d0e421c56da89d751886ee77bbe25a88bf0310c9d0",
    "https://deno.land/std@0.197.0/bytes/concat.ts": "d26d6f3d7922e6d663dacfcd357563b7bf4a380ce5b9c2bbe0c8586662f25ce2",
    "https://deno.land/std@0.197.0/bytes/copy.ts": "939d89e302a9761dcf1d9c937c7711174ed74c59eef40a1e4569a05c9de88219",
    "https://deno.land/std@0.197.0/datetime/to_imf.ts": "8f9c0af8b167031ffe2e03da01a12a3b0672cc7562f89c61942a0ab0129771b2",
    "https://deno.land/std@0.197.0/encoding/base64.ts": "144ae6234c1fbe5b68666c711dc15b1e9ee2aef6d42b3b4345bf9a6c91d70d0d",
    "https://deno.land/std@0.197.0/fmt/colors.ts": "a7eecffdf3d1d54db890723b303847b6e0a1ab4b528ba6958b8f2e754cf1b3bc",
    "https://deno.land/std@0.197.0/http/_negotiation/common.ts": "14d1a52427ab258a4b7161cd80e1d8a207b7cc64b46e911780f57ead5f4323c6",
    "https://deno.land/std@0.197.0/http/_negotiation/encoding.ts": "ff747d107277c88cb7a6a62a08eeb8d56dad91564cbcccb30694d5dc126dcc53",
    "https://deno.land/std@0.197.0/http/_negotiation/language.ts": "7bcddd8db3330bdb7ce4fc00a213c5547c1968139864201efd67ef2d0d51887d",
    "https://deno.land/std@0.197.0/http/_negotiation/media_type.ts": "58847517cd549384ad677c0fe89e0a4815be36fe7a303ea63cee5f6a1d7e1692",
    "https://deno.land/std@0.197.0/http/cookie.ts": "6a8a85f84e64ec548d8dc785fa646fc968234264fc00e8a5c7693c07cadff955",
    "https://deno.land/std@0.197.0/http/cookie_map.ts": "d148a5eaf35f19905dd5104126fa47ac71105306dd42f129732365e43108b28a",
    "https://deno.land/std@0.197.0/http/etag.ts": "807382795850cde5c437c74bcc09392bc0fc56de348fc1271f383f4b28935b9f",
    "https://deno.land/std@0.197.0/http/http_errors.ts": "bbda34819060af86537cecc9dc8e045f877130808b7e7acde4197c5328e852d0",
    "https://deno.land/std@0.197.0/http/http_status.ts": "8a7bcfe3ac025199ad804075385e57f63d055b2aed539d943ccc277616d6f932",
    "https://deno.land/std@0.197.0/http/method.ts": "e66c2a015cb46c21ab0bb3589aa4fca43143a506cb324ffdfd42d2edef7bc0c4",
    "https://deno.land/std@0.197.0/http/mod.ts": "b0181263d552d3d6d408bb6554711c2fe1d45fed3611d6f5d46e5e13c02eac96",
    "https://deno.land/std@0.197.0/http/negotiation.ts": "46e74a6bad4b857333a58dc5b50fe8e5a4d5267e97292293ea65f980bd918086",
    "https://deno.land/std@0.197.0/http/server.ts": "3cd5a8acc31d3259813ddcfa7dd2fe066952db6763fc7a58b9a026d4b5af9559",
    "https://deno.land/std@0.197.0/http/server_sent_event.ts": "29f707c1afa5278ac0315ac115ee679d6b93596d5af3fad5ef33f04254ca76c1",
    "https://deno.land/std@0.197.0/http/user_agent.ts": "35d3c70d0926b0e121b8c1bbc324b3522479158acaa4f0c43928362b7bf4e6f4",
    "https://deno.land/std@0.197.0/io/buf_reader.ts": "2bccff0878537ef201c5051fc0db0ce8196388c5ea69d2be6be1900fe48c5f4b",
    "https://deno.land/std@0.197.0/io/buf_writer.ts": "48c33c8f00b61dcbc7958706741cec8e59810bd307bc6a326cbd474fe8346dfd",
    "https://deno.land/std@0.197.0/io/buffer.ts": "4d6883daeb2e698579c4064170515683d69f40f3de019bfe46c5cf31e74ae793",
    "https://deno.land/std@0.197.0/io/copy_n.ts": "c055296297b9d4897d90d1ac056b072dc02614e60c67f438e23fbce052ea4c69",
    "https://deno.land/std@0.197.0/io/limited_reader.ts": "6c9a216f8eef39c1ee2a6b37a29372c8fc63455b2eeb91f06d9646f8f759fc8b",
    "https://deno.land/std@0.197.0/io/mod.ts": "2665bcccc1fd6e8627cca167c3e92aaecbd9897556b6f69e6d258070ef63fd9b",
    "https://deno.land/std@0.197.0/io/multi_reader.ts": "9c2a0a31686c44b277e16da1d97b4686a986edcee48409b84be25eedbc39b271",
    "https://deno.land/std@0.197.0/io/read_delim.ts": "c02b93cc546ae8caad8682ae270863e7ace6daec24c1eddd6faabc95a9d876a3",
    "https://deno.land/std@0.197.0/io/read_int.ts": "7cb8bcdfaf1107586c3bacc583d11c64c060196cb070bb13ae8c2061404f911f",
    "https://deno.land/std@0.197.0/io/read_lines.ts": "c526c12a20a9386dc910d500f9cdea43cba974e853397790bd146817a7eef8cc",
    "https://deno.land/std@0.197.0/io/read_long.ts": "f0aaa420e3da1261c5d33c5e729f09922f3d9fa49f046258d4ff7a00d800c71e",
    "https://deno.land/std@0.197.0/io/read_range.ts": "46a2263d0f8369b6d9abb0b25d99ceb65ff08d621fc57bcc53832e6979295043",
    "https://deno.land/std@0.197.0/io/read_short.ts": "805cb329574b850b84bf14a92c052c59b5977a492cd780c41df8ad40826c1a20",
    "https://deno.land/std@0.197.0/io/read_string_delim.ts": "5dc9f53bdf78e7d4ee1e56b9b60352238ab236a71c3e3b2a713c3d78472a53ce",
    "https://deno.land/std@0.197.0/io/slice_long_to_bytes.ts": "48d9bace92684e880e46aa4a2520fc3867f9d7ce212055f76ecc11b22f9644b7",
    "https://deno.land/std@0.197.0/io/string_reader.ts": "da0f68251b3d5b5112485dfd4d1b1936135c9b4d921182a7edaf47f74c25cc8f",
    "https://deno.land/std@0.197.0/io/string_writer.ts": "8a03c5858c24965a54c6538bed15f32a7c72f5704a12bda56f83a40e28e5433e",
    "https://deno.land/std@0.197.0/testing/asserts.ts": "b4e4b1359393aeff09e853e27901a982c685cb630df30426ed75496961931946",
    "https://deno.land/std@0.37.0/bytes/mod.ts": "8bd55c836b8aabb7f24dc24ad82f5baba22b2ef087f087d028d1a0cd3af02f76",
    "https://deno.land/std@0.37.0/encoding/binary.ts": "1629922a629ce26b325b45df7dc2baa08a2ebb49894b91cd96006b7380e8e72e",
    "https://deno.land/std@0.37.0/encoding/csv.ts": "f3cb5782d2abf317082c9050ad66ce4920b3c035d9be1f2e16c9499b90d4f297",
    "https://deno.land/std@0.37.0/encoding/hex.ts": "fa2206fb59cd5098dacaa82f72d1400d763d1497be7e6d5bed3ef964e03961e1",
    "https://deno.land/std@0.37.0/encoding/mod.ts": "cdd503b76ec0a424a0768f88d9b8918a8a6d050f25b3168677b5c5852d61f5a1",
    "https://deno.land/std@0.37.0/encoding/toml.ts": "38628876688653246ad934eb706a27f92448531cf7c6a8aa4bd330fc4690fc90",
    "https://deno.land/std@0.37.0/encoding/yaml.ts": "7cc4c72209937c224785df6e8716e96e1f6e9e200e2ca89772de4f18fe4cb0de",
    "https://deno.land/std@0.37.0/encoding/yaml/dumper/dumper.ts": "b47fe3a47305eb06e120d38b3d04e9d2b1b87e58523fbf38ae24832e74322555",
    "https://deno.land/std@0.37.0/encoding/yaml/dumper/dumper_state.ts": "4de86258f03d9281ae7fe0ee0d9b591ee6171fd2bf600e773a1e812a06e9e7f6",
    "https://deno.land/std@0.37.0/encoding/yaml/error.ts": "0c5ecaece1dc025aded7864f4080b20fe8626e2a721799d2b805a7e4c4dfc76c",
    "https://deno.land/std@0.37.0/encoding/yaml/loader/loader.ts": "8fc1fda025beba9ea2ea8dbb6f11c7cca71000d8299618361bdc5a6657d014d9",
    "https://deno.land/std@0.37.0/encoding/yaml/loader/loader_state.ts": "27262b22029fe64691427ea9e56b8265c9e0a951c3d2c23fb1086fc6cf1fa293",
    "https://deno.land/std@0.37.0/encoding/yaml/mark.ts": "1fc9f2100b18c3f4f5be43b71568ab35b86a240cddffe15721444f5f3b8cc298",
    "https://deno.land/std@0.37.0/encoding/yaml/parse.ts": "16f0a2f510a07fc74abe1b47ca79dd6ccdfeca8ea5065f8c67edb3f1c6a179c0",
    "https://deno.land/std@0.37.0/encoding/yaml/schema.ts": "bc6baa4e4c3757c0804cfe326a71af7ef15fdfb93b893277983fa18e082a6779",
    "https://deno.land/std@0.37.0/encoding/yaml/schema/core.ts": "af6c2c52639866f99842ac6fbf3571e64aa9cf4c6d82c8174523f3cec23dbaf8",
    "https://deno.land/std@0.37.0/encoding/yaml/schema/default.ts": "35c94ee500c1c0d3b51836cbe1dedafb649e744197739eabc21ea85143fc78b7",
    "https://deno.land/std@0.37.0/encoding/yaml/schema/failsafe.ts": "a5ee35670d815034de5830432f115e371f477ba0b8f7bcb1f5d02281323bdd0b",
    "https://deno.land/std@0.37.0/encoding/yaml/schema/json.ts": "ae6dc753c679292c785cffc25836e863e77f8b10a229b693d4ca3d4e90e7de39",
    "https://deno.land/std@0.37.0/encoding/yaml/schema/mod.ts": "976a2cd8f9590f12c098713b871d3122c082c8218d6cdc3963c262a6a255a3a4",
    "https://deno.land/std@0.37.0/encoding/yaml/state.ts": "69a5b7040a03a506b45fc16bb9866364187925fba058715d6a2756824519c6ff",
    "https://deno.land/std@0.37.0/encoding/yaml/stringify.ts": "dc5c280d9bd03a7e8530fb73d694fcb38a41c931172b19f8c699d15a93c1cdc8",
    "https://deno.land/std@0.37.0/encoding/yaml/type.ts": "5b93c04d23ba7bf7de6af04bd5a550e112eb51a4a1bb99954273f371aa59e9c5",
    "https://deno.land/std@0.37.0/encoding/yaml/type/binary.ts": "c68448bc993de841e64c49d2f056e910a08815b7b205146cf75fbdc77ce55a72",
    "https://deno.land/std@0.37.0/encoding/yaml/type/bool.ts": "7c0cc90846fbf06d620dc637aca05ccadcc57257872dff5980eaca706abdf05e",
    "https://deno.land/std@0.37.0/encoding/yaml/type/float.ts": "0bdb5059b40fc062ecdb691d206417d1fc7392492854cff512a558743eb2e8c5",
    "https://deno.land/std@0.37.0/encoding/yaml/type/int.ts": "e534c97be11042d99baef62330bf5260e979b16bba02a464d82c98aff1c8a055",
    "https://deno.land/std@0.37.0/encoding/yaml/type/map.ts": "f9d61818e307dc7d8f6b99075ac4b1daf08115b036fc9f4c6e7e1b0fa2ba5bae",
    "https://deno.land/std@0.37.0/encoding/yaml/type/merge.ts": "0e7171a33ea37703c1ad028252b80fba4ad935de1842ecf931e8c007d89f14f2",
    "https://deno.land/std@0.37.0/encoding/yaml/type/mod.ts": "1086644fb36cabd2dac739b06ca7aa49f21fce951efc5ee5702c8a7626c7e6d1",
    "https://deno.land/std@0.37.0/encoding/yaml/type/nil.ts": "2d1a6e0670288992648472d4bfeb4df8cf5be3b9b46921f1d9bb4166983eaf11",
    "https://deno.land/std@0.37.0/encoding/yaml/type/omap.ts": "36fc24e9df4b2b24e1959b7125026eaa14a0f0661e25bcf1d4ad711ad90e87a7",
    "https://deno.land/std@0.37.0/encoding/yaml/type/pairs.ts": "c0c47543db69be5e59d42fd03b4158a19daa50eafc10f4207390b74e2e61a699",
    "https://deno.land/std@0.37.0/encoding/yaml/type/seq.ts": "103e544a54b3bf25f3205d258ed15c6b9ce239101497da282d85b92eb7ff2d77",
    "https://deno.land/std@0.37.0/encoding/yaml/type/set.ts": "c5e651d1de1fae5822cd1bc5dacdeb3bbad0e302bc9ef90bc131dbc2cfd75912",
    "https://deno.land/std@0.37.0/encoding/yaml/type/str.ts": "7a15b56d4e5b3021b55465056496df1d5ac91fef8c730fd2489a79aafca79a11",
    "https://deno.land/std@0.37.0/encoding/yaml/type/timestamp.ts": "a08e18986a170691e3b64b131b28dd914d12f74ac1f6d81ac2de67c82085f943",
    "https://deno.land/std@0.37.0/encoding/yaml/utils.ts": "fbaa286f3a572788d326e9e6245bcdfe7539d75fe1f253f2982be13ee406121d",
    "https://deno.land/std@0.37.0/fmt/colors.ts": "68cf848a8d5dae5c1a9d6ca91979a6dfe14eb50aea41beeba4e21fee8c79179b",
    "https://deno.land/std@0.37.0/io/bufio.ts": "e99f0c0e285f48dd428a47dbc936c9b75557cf6b576506f54b08c0b3a4ef9551",
    "https://deno.land/std@0.37.0/io/readers.ts": "bc03a8d46dbc0e8da847185eee73efb635a0486d67d1c51eedf308fabd15d67c",
    "https://deno.land/std@0.37.0/io/util.ts": "709a518df03688e57014f8562e49faf29126554c4c2ff65d037deae159636e81",
    "https://deno.land/std@0.37.0/path/constants.ts": "12cf7252761aa5a5747ef62b6b8c03752af7a9a8ba57439cfd217dfea52b3c87",
    "https://deno.land/std@0.37.0/path/glob.ts": "6537e3dda7e4ac1d6891ad5936e66d2da50bab3ba117e9fe8121795731b08667",
    "https://deno.land/std@0.37.0/path/globrex.ts": "602e373fd324aff03c39f798c26653ddc1baf8208d5b29f1a6f459a9946f8b32",
    "https://deno.land/std@0.37.0/path/interface.ts": "89f6e68b0e3bba1401a740c8d688290957de028ed86f95eafe76fe93790ae450",
    "https://deno.land/std@0.37.0/path/mod.ts": "1a35ec5a362b558e8524d3a143de0da4c412c4ea21ca0431201ff1a785390566",
    "https://deno.land/std@0.37.0/path/posix.ts": "4b9f1cd0ec3fa6e860da2a4f0af1e7b5c84cbac9addc89dd8f51001dae8e4f85",
    "https://deno.land/std@0.37.0/path/utils.ts": "87ca90f967e790ad52bac6a196c3ff180dfb4a18ed202b7fa4ad71d59d69736f",
    "https://deno.land/std@0.37.0/path/win32.ts": "419864635ac98ca182322f442064a8946bf7dbbaccab188e63496c8ccf2d184b",
    "https://deno.land/std@0.37.0/strings/decode.ts": "e146f8e984420c7feb77961788a9b962dc4d567cc8ace469a2ff154a5bc9160f",
    "https://deno.land/std@0.37.0/strings/encode.ts": "051a3708ad4ed42b59c25bf597afae1dab7ca0aed3e8645d53cf227b10c203a1",
    "https://deno.land/std@0.37.0/strings/mod.ts": "929832533d813278bdbde32519e9e7abf06d25293fcd5e7cb52c888e9aacde03",
    "https://deno.land/std@0.37.0/strings/pad.ts": "e8a4ba6c317c7450cb2120006f88676aaa7bb49e32a40288d1ea3c9acd724b27",
    "https://deno.land/std@0.37.0/testing/asserts.ts": "f9ddabb90409ab9cc238cb1f11e2399b0191c79da420a1c5c3d5cf19af64bba3",
    "https://deno.land/std@0.37.0/testing/diff.ts": "1d6718069f500074877461e0f9fb791765999df13014c163cf303af3aa054c59",
    "https://deno.land/std@0.37.0/testing/format.ts": "2c925c9d5a6e7c40e8a4e0999a0bf64252375e2441cc4be43872a97a66464e1a",
    "https://deno.land/std@0.37.0/textproto/mod.ts": "0d76d2d9fd1c035985f6b8fc191992dc941860da0d8ca431afafa2e1565dfa06",
    "https://deno.land/std@0.37.0/util/deep_assign.ts": "0893ff2dba05e96de37b23e6c9891ea500090dd80e598420ab9ae93383b1d757",
    "https://deno.land/x/buffer@v1.0.0/mod.ts": "f910fc77b3d3fa5242fa56c551ca5598913ffb56cdaa65223de0d622b5277643",
    "https://deno.land/x/free_port@v1.2.0/mod.ts": "512646732aaea41fbfd1f210f3ae82660f38251777d189d290da331d0235a58e",
    "https://deno.land/x/list@v1.0.0/mod.ts": "fa76bd5e5a21f3d96f35276a19ae189b14e6c0d9f16f38b819622a88fb6c42da",
    "https://deno.land/x/node_buffer@1.1.0/index.ts": "9ecfca6a749c4dd35fcf2715b14e5222006b3e9fce97e5dded617b197f56ca0b",
    "https://deno.land/x/node_buffer@1.1.0/mod.ts": "64e55237cb4410e17d968cd08975566059f27638ebb0b86048031b987ba251c4",
    "https://deno.land/x/node_buffer@1.1.0/src/base64.js": "685cc3c0a719c6d311b51d2502c96df491cc063107699a5e23488226a2d7eb8e",
    "https://deno.land/x/node_buffer@1.1.0/src/buffer.js": "369dacab367a209cde2675bc0be1acddff9580f38e7947215429a9a8eaafff79",
    "https://deno.land/x/node_buffer@1.1.0/src/ieee754.js": "3ef200944676f0b1f2f5661be0782b93704c2356126fac10db1605dc5e976d7e",
    "https://deno.land/x/opine@2.1.2/src/methods.ts": "0481daecc6068d24e9e5391818baddf555ab803d39a465dcd259161f8bd8ee49",
    "https://deno.land/x/opine@2.1.2/src/utils/mergeDescriptors.ts": "1fe498d4a1a8dcfd3570f9ca5e0647590d86d029b3c340bfcfdb57002851e41b",
    "https://deno.land/x/superdeno@4.8.0/deps.ts": "e2cf96d1129c38e1daf87a405878fa51d5771a0ba9b1c250baa75db0a8cb99df",
    "https://deno.land/x/superdeno@4.8.0/mod.ts": "fa91c501867a4302a4bc92d63cbf934fe5475ebb7bf58335338e001147263c87",
    "https://deno.land/x/superdeno@4.8.0/src/close.ts": "8bd4ab602ebbb048d06697d0c48c30be5f78ab9ad673850965e8014d78cca7a8",
    "https://deno.land/x/superdeno@4.8.0/src/superagent.ts": "8f60187f9278b154ef6bccf09a5ff7d45f81103ad0ce02d45518a6bbe63ce764",
    "https://deno.land/x/superdeno@4.8.0/src/superdeno.ts": "2e2cd4898961ac7688f0c2a4b210bf560a338f6601bd231d74bf8a0956880311",
    "https://deno.land/x/superdeno@4.8.0/src/test.ts": "89386c2c207179cd1854baf40f37cd1c4a5d312f4605d8cdc4d495ff3fd14d10",
    "https://deno.land/x/superdeno@4.8.0/src/types.ts": "0fc4a0a1acf4c3acba3e3d956a9e8917ce32cd47dbb8e75ffadec21a43a8e52f",
    "https://deno.land/x/superdeno@4.8.0/src/utils.ts": "458c1699f73e348745b9b4d081e005dbc12d050fd2899ebf4f919515823ba1c0",
    "https://deno.land/x/superdeno@4.8.0/src/xhrSham.js": "91f28215c07af47155c7abe711a097d67d89916a80d666ef6d26fab3e5179af2",
    "https://deno.land/x/superdeno@4.8.0/version.ts": "c84185c6cf0c198d406ae8892cc56a981002cce5d09e9b6293718bf02ad1d2c4",
    "https://deno.land/x/superoak@4.7.0/deps.ts": "814a22b7182bff7ec6457f753f186ce6c12453759581d711359f76ea14f7caa1",
    "https://deno.land/x/superoak@4.7.0/mod.ts": "6d4ea8a5a48c9007f2e947934889c06259d3ebb5569515bcb0432036a22449cd",
    "https://deno.land/x/superoak@4.7.0/src/superoak.ts": "9c08a3211c4d1f7bb89e88fc3f242536fce654c157aa6db52d3c24f033bb3d28",
    "https://deno.land/x/superoak@4.7.0/version.ts": "7f24547dd88673cc8521f5aed9bf0e1634ba4170707a792ddb6f95d0e5ec8a8c",
    "https://jspm.dev/npm:call-bind@1.0.2!cjs": "24c188f9241fbc82c6ac2ae1b63bf3a0574885e3fa739ef09b3a476a3a571634",
    "https://jspm.dev/npm:call-bind@1.0.2/callBound!cjs": "a1586c35033398887376229b84f861c77cb686b034ea8a29d0be41bf46623071",
    "https://jspm.dev/npm:call-bind@1/callBound!cjs": "3ff4779595db6e915ae7d9926ba3338b8777ea7af06560bd254c84840faab169",
    "https://jspm.dev/npm:component-emitter@1!cjs": "26c2994a5fcac1cd9156b00be96c5e2f006dd76338095a96006ac3a47c6c327d",
    "https://jspm.dev/npm:component-emitter@1.3.0!cjs": "757cafefb0bf5639f3f90b2267a7d168e03631e731c2a79fca847b735695e196",
    "https://jspm.dev/npm:fast-safe-stringify@2!cjs": "d8dd0803af23f037ffb44c13e18333131af27ebe582f55fd498b6e3c8f6d5a9d",
    "https://jspm.dev/npm:fast-safe-stringify@2.1.1!cjs": "8a14a2de8a07a719c74aa63ffa5ff635fc55e9ee5d5a79fbc2e087dc4aa1940e",
    "https://jspm.dev/npm:function-bind@1!cjs": "c06b352224fa5e98b331aef38c540a409ed7ef1e6515a38f1a737a8e4f42118a",
    "https://jspm.dev/npm:function-bind@1.1.1!cjs": "4fb6903c972da5bcebe751a5b498ec4599987fc1e7157c15d08f388f2986c0f6",
    "https://jspm.dev/npm:get-intrinsic@1!cjs": "bb4d028dfea8a820b9679f360f92ab875ffc5e17c7a972a95bd191df12f07de1",
    "https://jspm.dev/npm:get-intrinsic@1.2.1!cjs": "6b9b1c6dd25fcf7ca2b9d6b5c3a61114cf4784cf8c87a26a4ea211da5f808fb3",
    "https://jspm.dev/npm:has-proto@1!cjs": "78a2914e5525d531426c5d69fd5aa23671ec359c6c527b9791327f60ad1b6682",
    "https://jspm.dev/npm:has-proto@1.0.1!cjs": "0a9d605f1d310f859265780011d6343a7869cadf3a9e02fd6cc949c2924b528c",
    "https://jspm.dev/npm:has-symbols@1!cjs": "48faf647d225b64fa235ccc3e5a848e72221b0230935e421066a5de39aa89c3a",
    "https://jspm.dev/npm:has-symbols@1.0.3!cjs": "36965f84e4e0ea1abeddb6928d0719a2648e61ceb9825df185b40d05cddb64df",
    "https://jspm.dev/npm:has-symbols@1.0.3/shams!cjs": "669673e1dc7691c0b397580760121d57f3a5c5101dd70be2e8dd7d2a044de2e9",
    "https://jspm.dev/npm:has@1!cjs": "79286edf0358a403240ee04be7814df009af2ed8a0f76e7df54b614da4b0ac95",
    "https://jspm.dev/npm:has@1.0.3!cjs": "ecbdcfeef29b4da5a5b3e7e388c08998e1b52e0cca905bd3a06ec457fe0a568a",
    "https://jspm.dev/npm:object-inspect@1!cjs": "0e46f0d93f114fa586e70f479752d46b2d639b3c89707e232caf7affffb58439",
    "https://jspm.dev/npm:object-inspect@1.12.3!cjs": "a16facbf5ee180ef25b54592f1d1f23328dae7c89bf74c11b2459b93621cf981",
    "https://jspm.dev/npm:qs@6!cjs": "210de1e090ac836c2495c19dfea88fc74b49de1b308241f8c9490d27ab6e0195",
    "https://jspm.dev/npm:qs@6.11.2!cjs": "5da52fff60f7b1a6b1c73cdea2d9fc5d5588fa6c551b2a0ea2a1ebbb2a5e559f",
    "https://jspm.dev/npm:qs@6.11.2/_/e71c21de.js": "cfe49eb949fb7291803f1ed2f4c0a244b8fca3b6936f5082fc97581a0663e427",
    "https://jspm.dev/npm:qs@6.11.2/lib/stringify!cjs": "35d39c5871af151efe9ccca8e4ebecbf0282f97287b5fad56ebac369f69c2581",
    "https://jspm.dev/npm:side-channel@1!cjs": "a07dfe7165af0d7f916d089490c38839397abcd8b218e4566b270858c9a0ea04",
    "https://jspm.dev/npm:side-channel@1.0.4!cjs": "db65b31b6f9e67d57f04e26d71eb5b376306f5a89ab46fae1278c3ffefb19663",
    "https://jspm.dev/npm:superagent@6.1.0!cjs": "fcf1c0b17cb3ff899b59ae178fc4ab74ad3b592d7fa8b44b16394001758e3176",
    "https://jspm.dev/npm:superagent@6.1.0/lib/agent-base!cjs": "cfe465965a55d80114d835143717413945d0bbc46355d0f7f8200a89902ed006",
    "https://jspm.dev/npm:superagent@6.1.0/lib/is-object!cjs": "95f67ff49b42fd5e82114b9d54a4b3fe1ac98813aed7ceaf53d314983f59820a",
    "https://jspm.dev/npm:superagent@6.1.0/lib/request-base!cjs": "e361c341aa75d7417c918bc8fb697d0ccf96101e039dd2f00e5e45c01c534caa",
    "https://jspm.dev/npm:superagent@6.1.0/lib/response-base!cjs": "00ac549f34d73c2753caa798aa7eb781051179013e3418ff0868a1e1904a8913",
    "https://jspm.dev/npm:superagent@6.1.0/lib/utils!cjs": "ea706523553983c96ef4ab2f191c61c53fb8b78ad8ff2472b48f1385e896c030",
    "https://jspm.dev/superagent@6.1.0": "4b3082d71252c42abd3930d85d1f3c4b2e937e0fab2b5f1c9d19eac20dea89a9"
  }
}
